
Microsoft Visual Studio Solution File, Format Version 12.00
# Visual Studio 15
VisualStudioVersion = 15.0.28307.106
MinimumVisualStudioVersion = 10.0.40219.1
Project("{FAE04EC0-301F-11D3-BF4B-00C04F79EFBC}") = "Omnicheck360", "Omni360\Omnicheck360.csproj", "{0F27A61E-33E0-45A6-9FAD-511DA8F89959}"
EndProject
Project("{FAE04EC0-301F-11D3-BF4B-00C04F79EFBC}") = "Sharp7", "Sharp7\Sharp7.csproj", "{2D90345F-F6F4-474E-8C5F-A5F40FB8FFE5}"
EndProject
Global
	GlobalSection(SolutionConfigurationPlatforms) = preSolution
		Debug|Any CPU = Debug|Any CPU
		Debug|x64 = Debug|x64
		Release|Any CPU = Release|Any CPU
		Release|x64 = Release|x64
	EndGlobalSection
	GlobalSection(ProjectConfigurationPlatforms) = postSolution
		{0F27A61E-33E0-45A6-9FAD-511DA8F89959}.Debug|Any CPU.ActiveCfg = Debug|Any CPU
		{0F27A61E-33E0-45A6-9FAD-511DA8F89959}.Debug|Any CPU.Build.0 = Debug|Any CPU
		{0F27A61E-33E0-45A6-9FAD-511DA8F89959}.Debug|x64.ActiveCfg = Debug|x64
		{0F27A61E-33E0-45A6-9FAD-511DA8F89959}.Debug|x64.Build.0 = Debug|x64
		{0F27A61E-33E0-45A6-9FAD-511DA8F89959}.Release|Any CPU.ActiveCfg = Release|Any CPU
		{0F27A61E-33E0-45A6-9FAD-511DA8F89959}.Release|Any CPU.Build.0 = Release|Any CPU
		{0F27A61E-33E0-45A6-9FAD-511DA8F89959}.Release|x64.ActiveCfg = Release|x64
		{0F27A61E-33E0-45A6-9FAD-511DA8F89959}.Release|x64.Build.0 = Release|x64
		{2D90345F-F6F4-474E-8C5F-A5F40FB8FFE5}.Debug|Any CPU.ActiveCfg = Debug|Any CPU
		{2D90345F-F6F4-474E-8C5F-A5F40FB8FFE5}.Debug|Any CPU.Build.0 = Debug|Any CPU
		{2D90345F-F6F4-474E-8C5F-A5F40FB8FFE5}.Debug|x64.ActiveCfg = Debug|Any CPU
		{2D90345F-F6F4-474E-8C5F-A5F40FB8FFE5}.Debug|x64.Build.0 = Debug|Any CPU
		{2D90345F-F6F4-474E-8C5F-A5F40FB8FFE5}.Release|Any CPU.ActiveCfg = Release|Any CPU
		{2D90345F-F6F4-474E-8C5F-A5F40FB8FFE5}.Release|Any CPU.Build.0 = Release|Any CPU
		{2D90345F-F6F4-474E-8C5F-A5F40FB8FFE5}.Release|x64.ActiveCfg = Release|Any CPU
		{2D90345F-F6F4-474E-8C5F-A5F40FB8FFE5}.Release|x64.Build.0 = Release|Any CPU
	EndGlobalSection
	GlobalSection(SolutionProperties) = preSolution
		HideSolutionNode = FALSE
	EndGlobalSection
	GlobalSection(ExtensibilityGlobals) = postSolution
		SolutionGuid = {14087515-ED06-42B4-B6FF-EC79E4A8A2B8}
	EndGlobalSection
EndGlobal
